
Microsoft Visual Studio Solution File, Format Version 12.00
# Visual Studio Version 16
VisualStudioVersion = 16.0.31005.135
MinimumVisualStudioVersion = 10.0.40219.1
Project("{FAE04EC0-301F-11D3-BF4B-00C04F79EFBC}") = "lab8", "lab8\lab8.csproj", "{67DFAC71-455D-4704-9CFB-D45808816194}"
EndProject
Global
	GlobalSection(SolutionConfigurationPlatforms) = preSolution
		Debug|Any CPU = Debug|Any CPU
		Release|Any CPU = Release|Any CPU
	EndGlobalSection
	GlobalSection(ProjectConfigurationPlatforms) = postSolution
		{67DFAC71-455D-4704-9CFB-D45808816194}.Debug|Any CPU.ActiveCfg = Debug|Any CPU
		{67DFAC71-455D-4704-9CFB-D45808816194}.Debug|Any CPU.Build.0 = Debug|Any CPU
		{67DFAC71-455D-4704-9CFB-D45808816194}.Release|Any CPU.ActiveCfg = Release|Any CPU
		{67DFAC71-455D-4704-9CFB-D45808816194}.Release|Any CPU.Build.0 = Release|Any CPU
	EndGlobalSection
	GlobalSection(SolutionProperties) = preSolution
		HideSolutionNode = FALSE
	EndGlobalSection
	GlobalSection(ExtensibilityGlobals) = postSolution
		SolutionGuid = {691DD30A-54DC-499D-8712-EC5B1265C38F}
	EndGlobalSection
EndGlobal
